
Microsoft Visual Studio Solution File, Format Version 12.00
# Visual Studio Version 17
VisualStudioVersion = 17.0.31903.59
MinimumVisualStudioVersion = 10.0.40219.1
Project("{9A19103F-16F7-4668-BE54-9A1E7A4F7556}") = "DejziShop.Server", "DejziShop\Server\DejziShop.Server.csproj", "{9E9F5349-6DE6-44D4-8F55-FEC9493F809B}"
EndProject
Project("{9A19103F-16F7-4668-BE54-9A1E7A4F7556}") = "DejziShop.Shared", "DejziShop\Shared\DejziShop.Shared.csproj", "{8480C2DA-0597-4114-B353-D0163F04B952}"
EndProject
Project("{9A19103F-16F7-4668-BE54-9A1E7A4F7556}") = "DejziShop.Client", "DejziShop\Client\DejziShop.Client.csproj", "{4C6EC8E7-1E4D-4639-8B12-C70290278965}"
EndProject
Global
	GlobalSection(SolutionConfigurationPlatforms) = preSolution
		Debug|Any CPU = Debug|Any CPU
		Release|Any CPU = Release|Any CPU
	EndGlobalSection
	GlobalSection(ProjectConfigurationPlatforms) = postSolution
		{9E9F5349-6DE6-44D4-8F55-FEC9493F809B}.Debug|Any CPU.ActiveCfg = Debug|Any CPU
		{9E9F5349-6DE6-44D4-8F55-FEC9493F809B}.Debug|Any CPU.Build.0 = Debug|Any CPU
		{9E9F5349-6DE6-44D4-8F55-FEC9493F809B}.Release|Any CPU.ActiveCfg = Release|Any CPU
		{9E9F5349-6DE6-44D4-8F55-FEC9493F809B}.Release|Any CPU.Build.0 = Release|Any CPU
		{8480C2DA-0597-4114-B353-D0163F04B952}.Debug|Any CPU.ActiveCfg = Debug|Any CPU
		{8480C2DA-0597-4114-B353-D0163F04B952}.Debug|Any CPU.Build.0 = Debug|Any CPU
		{8480C2DA-0597-4114-B353-D0163F04B952}.Release|Any CPU.ActiveCfg = Release|Any CPU
		{8480C2DA-0597-4114-B353-D0163F04B952}.Release|Any CPU.Build.0 = Release|Any CPU
		{4C6EC8E7-1E4D-4639-8B12-C70290278965}.Debug|Any CPU.ActiveCfg = Debug|Any CPU
		{4C6EC8E7-1E4D-4639-8B12-C70290278965}.Debug|Any CPU.Build.0 = Debug|Any CPU
		{4C6EC8E7-1E4D-4639-8B12-C70290278965}.Release|Any CPU.ActiveCfg = Release|Any CPU
		{4C6EC8E7-1E4D-4639-8B12-C70290278965}.Release|Any CPU.Build.0 = Release|Any CPU
	EndGlobalSection
	GlobalSection(SolutionProperties) = preSolution
		HideSolutionNode = FALSE
	EndGlobalSection
	GlobalSection(ExtensibilityGlobals) = postSolution
		SolutionGuid = {A9E3FD42-1120-4D6E-8C2F-E94DA60A1651}
	EndGlobalSection
EndGlobal
